{
  "version": 4,
  "terraform_version": "1.1.9",
  "serial": 43,
  "lineage": "b9f57c5c-f077-98b5-2f0d-93b12978041a",
  "outputs": {},
  "resources": [
    {
      "mode": "data",
      "type": "azurerm_image",
      "name": "image",
      "provider": "provider[\"registry.terraform.io/hashicorp/azurerm\"]",
      "instances": [
        {
          "schema_version": 0,
          "attributes": {
            "data_disk": [],
            "id": "/subscriptions/426c2469-e71d-4b2a-acfa-79ddab462066/resourceGroups/finalproject1-rg/providers/Microsoft.Compute/images/myPackerImage",
            "location": "eastasia",
            "name": "myPackerImage",
            "name_regex": null,
            "os_disk": [
              {
                "blob_uri": "",
                "caching": "ReadWrite",
                "managed_disk_id": "/subscriptions/426c2469-e71d-4b2a-acfa-79ddab462066/resourceGroups/pkr-Resource-Group-7rlv7xwpcj/providers/Microsoft.Compute/disks/pkros7rlv7xwpcj",
                "os_state": "Generalized",
                "os_type": "Linux",
                "size_gb": 30
              }
            ],
            "resource_group_name": "finalproject1-rg",
            "sort_descending": false,
            "tags": {},
            "timeouts": null,
            "zone_resilient": false
          },
          "sensitive_attributes": []
        }
      ]
    },
    {
      "mode": "managed",
      "type": "azurerm_availability_set",
      "name": "main",
      "provider": "provider[\"registry.terraform.io/hashicorp/azurerm\"]",
      "instances": [
        {
          "schema_version": 0,
          "attributes": {
            "id": "/subscriptions/426c2469-e71d-4b2a-acfa-79ddab462066/resourceGroups/finalproject1-rg/providers/Microsoft.Compute/availabilitySets/finalproject1-Aset",
            "location": "eastasia",
            "managed": true,
            "name": "finalproject1-Aset",
            "platform_fault_domain_count": 2,
            "platform_update_domain_count": 5,
            "proximity_placement_group_id": null,
            "resource_group_name": "finalproject1-rg",
            "tags": null,
            "timeouts": null
          },
          "sensitive_attributes": [],
          "private": "eyJlMmJmYjczMC1lY2FhLTExZTYtOGY4OC0zNDM2M2JjN2M0YzAiOnsiY3JlYXRlIjoxODAwMDAwMDAwMDAwLCJkZWxldGUiOjE4MDAwMDAwMDAwMDAsInJlYWQiOjMwMDAwMDAwMDAwMCwidXBkYXRlIjoxODAwMDAwMDAwMDAwfX0=",
          "dependencies": [
            "azurerm_resource_group.main"
          ]
        }
      ]
    },
    {
      "mode": "managed",
      "type": "azurerm_lb",
      "name": "main",
      "provider": "provider[\"registry.terraform.io/hashicorp/azurerm\"]",
      "instances": [
        {
          "schema_version": 0,
          "attributes": {
            "edge_zone": "",
            "frontend_ip_configuration": [
              {
                "gateway_load_balancer_frontend_ip_configuration_id": "",
                "id": "/subscriptions/426c2469-e71d-4b2a-acfa-79ddab462066/resourceGroups/finalproject1-rg/providers/Microsoft.Network/loadBalancers/finalproject1-LoadBalancer/frontendIPConfigurations/finalproject1-PublicIPAddress",
                "inbound_nat_rules": [],
                "load_balancer_rules": [],
                "name": "finalproject1-PublicIPAddress",
                "outbound_rules": [],
                "private_ip_address": "",
                "private_ip_address_allocation": "Dynamic",
                "private_ip_address_version": "",
                "public_ip_address_id": "/subscriptions/426c2469-e71d-4b2a-acfa-79ddab462066/resourceGroups/finalproject1-rg/providers/Microsoft.Network/publicIPAddresses/finalproject1-PublicIPForLB",
                "public_ip_prefix_id": "",
                "subnet_id": "",
                "zones": null
              }
            ],
            "id": "/subscriptions/426c2469-e71d-4b2a-acfa-79ddab462066/resourceGroups/finalproject1-rg/providers/Microsoft.Network/loadBalancers/finalproject1-LoadBalancer",
            "location": "eastasia",
            "name": "finalproject1-LoadBalancer",
            "private_ip_address": "",
            "private_ip_addresses": [],
            "resource_group_name": "finalproject1-rg",
            "sku": "Basic",
            "sku_tier": "Regional",
            "tags": null,
            "timeouts": null
          },
          "sensitive_attributes": [],
          "private": "eyJlMmJmYjczMC1lY2FhLTExZTYtOGY4OC0zNDM2M2JjN2M0YzAiOnsiY3JlYXRlIjoxODAwMDAwMDAwMDAwLCJkZWxldGUiOjE4MDAwMDAwMDAwMDAsInJlYWQiOjMwMDAwMDAwMDAwMCwidXBkYXRlIjoxODAwMDAwMDAwMDAwfX0=",
          "dependencies": [
            "azurerm_public_ip.main",
            "azurerm_resource_group.main"
          ]
        }
      ]
    },
    {
      "mode": "managed",
      "type": "azurerm_lb_backend_address_pool",
      "name": "main",
      "provider": "provider[\"registry.terraform.io/hashicorp/azurerm\"]",
      "instances": [
        {
          "schema_version": 0,
          "attributes": {
            "backend_ip_configurations": [],
            "id": "/subscriptions/426c2469-e71d-4b2a-acfa-79ddab462066/resourceGroups/finalproject1-rg/providers/Microsoft.Network/loadBalancers/finalproject1-LoadBalancer/backendAddressPools/finalproject1-AccPool",
            "load_balancing_rules": [],
            "loadbalancer_id": "/subscriptions/426c2469-e71d-4b2a-acfa-79ddab462066/resourceGroups/finalproject1-rg/providers/Microsoft.Network/loadBalancers/finalproject1-LoadBalancer",
            "name": "finalproject1-AccPool",
            "outbound_rules": [],
            "timeouts": null,
            "tunnel_interface": []
          },
          "sensitive_attributes": [],
          "private": "eyJlMmJmYjczMC1lY2FhLTExZTYtOGY4OC0zNDM2M2JjN2M0YzAiOnsiY3JlYXRlIjoxODAwMDAwMDAwMDAwLCJkZWxldGUiOjE4MDAwMDAwMDAwMDAsInJlYWQiOjMwMDAwMDAwMDAwMCwidXBkYXRlIjoxODAwMDAwMDAwMDAwfX0=",
          "dependencies": [
            "azurerm_lb.main",
            "azurerm_public_ip.main",
            "azurerm_resource_group.main"
          ]
        }
      ]
    },
    {
      "mode": "managed",
      "type": "azurerm_linux_virtual_machine",
      "name": "main",
      "provider": "provider[\"registry.terraform.io/hashicorp/azurerm\"]",
      "instances": [
        {
          "index_key": "vm1",
          "schema_version": 0,
          "attributes": {
            "additional_capabilities": [],
            "admin_password": "123456thinh!",
            "admin_ssh_key": [],
            "admin_username": "thinhle",
            "allow_extension_operations": true,
            "availability_set_id": "/subscriptions/426c2469-e71d-4b2a-acfa-79ddab462066/resourceGroups/finalproject1-rg/providers/Microsoft.Compute/availabilitySets/FINALPROJECT1-ASET",
            "boot_diagnostics": [],
            "computer_name": "finalproject1-vm1",
            "custom_data": null,
            "dedicated_host_group_id": "",
            "dedicated_host_id": "",
            "disable_password_authentication": false,
            "edge_zone": "",
            "encryption_at_host_enabled": false,
            "eviction_policy": "",
            "extensions_time_budget": "PT1H30M",
            "id": "/subscriptions/426c2469-e71d-4b2a-acfa-79ddab462066/resourceGroups/finalproject1-rg/providers/Microsoft.Compute/virtualMachines/finalproject1-vm1",
            "identity": [],
            "license_type": "",
            "location": "eastasia",
            "max_bid_price": -1,
            "name": "finalproject1-vm1",
            "network_interface_ids": [
              "/subscriptions/426c2469-e71d-4b2a-acfa-79ddab462066/resourceGroups/finalproject1-rg/providers/Microsoft.Network/networkInterfaces/finalproject1-Nic-vm1"
            ],
            "os_disk": [
              {
                "caching": "ReadWrite",
                "diff_disk_settings": [],
                "disk_encryption_set_id": "",
                "disk_size_gb": 30,
                "name": "finalproject1-vm1_disk1_c6a04173aafe4fc496400f77a6f2b600",
                "storage_account_type": "Standard_LRS",
                "write_accelerator_enabled": false
              }
            ],
            "patch_mode": "ImageDefault",
            "plan": [],
            "platform_fault_domain": -1,
            "priority": "Regular",
            "private_ip_address": "10.0.2.5",
            "private_ip_addresses": [
              "10.0.2.5"
            ],
            "provision_vm_agent": true,
            "proximity_placement_group_id": "",
            "public_ip_address": "",
            "public_ip_addresses": [],
            "resource_group_name": "finalproject1-rg",
            "secret": [],
            "secure_boot_enabled": false,
            "size": "Standard_B1ls",
            "source_image_id": "/subscriptions/426c2469-e71d-4b2a-acfa-79ddab462066/resourceGroups/finalproject1-rg/providers/Microsoft.Compute/images/myPackerImage",
            "source_image_reference": [],
            "tags": null,
            "termination_notification": null,
            "timeouts": null,
            "user_data": "",
            "virtual_machine_id": "f89b7cb5-15dd-4413-be06-b17ba3066188",
            "virtual_machine_scale_set_id": "",
            "vtpm_enabled": false,
            "zone": ""
          },
          "sensitive_attributes": [],
          "private": "eyJlMmJmYjczMC1lY2FhLTExZTYtOGY4OC0zNDM2M2JjN2M0YzAiOnsiY3JlYXRlIjoyNzAwMDAwMDAwMDAwLCJkZWxldGUiOjI3MDAwMDAwMDAwMDAsInJlYWQiOjMwMDAwMDAwMDAwMCwidXBkYXRlIjoyNzAwMDAwMDAwMDAwfX0=",
          "dependencies": [
            "azurerm_availability_set.main",
            "azurerm_network_interface.main",
            "azurerm_resource_group.main",
            "azurerm_subnet.internal",
            "azurerm_virtual_network.main",
            "data.azurerm_image.image"
          ]
        },
        {
          "index_key": "vm2",
          "schema_version": 0,
          "attributes": {
            "additional_capabilities": [],
            "admin_password": "123456thinh!",
            "admin_ssh_key": [],
            "admin_username": "thinhle",
            "allow_extension_operations": true,
            "availability_set_id": "/subscriptions/426c2469-e71d-4b2a-acfa-79ddab462066/resourceGroups/finalproject1-rg/providers/Microsoft.Compute/availabilitySets/FINALPROJECT1-ASET",
            "boot_diagnostics": [],
            "computer_name": "finalproject1-vm2",
            "custom_data": null,
            "dedicated_host_group_id": "",
            "dedicated_host_id": "",
            "disable_password_authentication": false,
            "edge_zone": "",
            "encryption_at_host_enabled": false,
            "eviction_policy": "",
            "extensions_time_budget": "PT1H30M",
            "id": "/subscriptions/426c2469-e71d-4b2a-acfa-79ddab462066/resourceGroups/finalproject1-rg/providers/Microsoft.Compute/virtualMachines/finalproject1-vm2",
            "identity": [],
            "license_type": "",
            "location": "eastasia",
            "max_bid_price": -1,
            "name": "finalproject1-vm2",
            "network_interface_ids": [
              "/subscriptions/426c2469-e71d-4b2a-acfa-79ddab462066/resourceGroups/finalproject1-rg/providers/Microsoft.Network/networkInterfaces/finalproject1-Nic-vm2"
            ],
            "os_disk": [
              {
                "caching": "ReadWrite",
                "diff_disk_settings": [],
                "disk_encryption_set_id": "",
                "disk_size_gb": 30,
                "name": "finalproject1-vm2_disk1_5632508723444f45a862efe6f420dcaf",
                "storage_account_type": "Standard_LRS",
                "write_accelerator_enabled": false
              }
            ],
            "patch_mode": "ImageDefault",
            "plan": [],
            "platform_fault_domain": -1,
            "priority": "Regular",
            "private_ip_address": "10.0.2.4",
            "private_ip_addresses": [
              "10.0.2.4"
            ],
            "provision_vm_agent": true,
            "proximity_placement_group_id": "",
            "public_ip_address": "",
            "public_ip_addresses": [],
            "resource_group_name": "finalproject1-rg",
            "secret": [],
            "secure_boot_enabled": false,
            "size": "Standard_B1ls",
            "source_image_id": "/subscriptions/426c2469-e71d-4b2a-acfa-79ddab462066/resourceGroups/finalproject1-rg/providers/Microsoft.Compute/images/myPackerImage",
            "source_image_reference": [],
            "tags": null,
            "termination_notification": null,
            "timeouts": null,
            "user_data": "",
            "virtual_machine_id": "3da40f18-641d-470f-8b4f-c94d0632b2c8",
            "virtual_machine_scale_set_id": "",
            "vtpm_enabled": false,
            "zone": ""
          },
          "sensitive_attributes": [],
          "private": "eyJlMmJmYjczMC1lY2FhLTExZTYtOGY4OC0zNDM2M2JjN2M0YzAiOnsiY3JlYXRlIjoyNzAwMDAwMDAwMDAwLCJkZWxldGUiOjI3MDAwMDAwMDAwMDAsInJlYWQiOjMwMDAwMDAwMDAwMCwidXBkYXRlIjoyNzAwMDAwMDAwMDAwfX0=",
          "dependencies": [
            "azurerm_availability_set.main",
            "azurerm_network_interface.main",
            "azurerm_resource_group.main",
            "azurerm_subnet.internal",
            "azurerm_virtual_network.main",
            "data.azurerm_image.image"
          ]
        }
      ]
    },
    {
      "mode": "managed",
      "type": "azurerm_managed_disk",
      "name": "main",
      "provider": "provider[\"registry.terraform.io/hashicorp/azurerm\"]",
      "instances": [
        {
          "index_key": "vm1",
          "schema_version": 0,
          "attributes": {
            "create_option": "Empty",
            "disk_access_id": "",
            "disk_encryption_set_id": "",
            "disk_iops_read_only": 0,
            "disk_iops_read_write": 500,
            "disk_mbps_read_only": 0,
            "disk_mbps_read_write": 60,
            "disk_size_gb": 10,
            "edge_zone": "",
            "encryption_settings": [],
            "gallery_image_reference_id": "",
            "hyper_v_generation": "",
            "id": "/subscriptions/426c2469-e71d-4b2a-acfa-79ddab462066/resourceGroups/finalproject1-rg/providers/Microsoft.Compute/disks/finalproject1-Diskvm1",
            "image_reference_id": "",
            "location": "eastasia",
            "logical_sector_size": null,
            "max_shares": 0,
            "name": "finalproject1-Diskvm1",
            "network_access_policy": null,
            "on_demand_bursting_enabled": false,
            "os_type": "",
            "public_network_access_enabled": true,
            "resource_group_name": "finalproject1-rg",
            "source_resource_id": "",
            "source_uri": "",
            "storage_account_id": "",
            "storage_account_type": "Standard_LRS",
            "tags": null,
            "tier": "",
            "timeouts": null,
            "trusted_launch_enabled": false,
            "zone": ""
          },
          "sensitive_attributes": [],
          "private": "eyJlMmJmYjczMC1lY2FhLTExZTYtOGY4OC0zNDM2M2JjN2M0YzAiOnsiY3JlYXRlIjoxODAwMDAwMDAwMDAwLCJkZWxldGUiOjE4MDAwMDAwMDAwMDAsInJlYWQiOjMwMDAwMDAwMDAwMCwidXBkYXRlIjoxODAwMDAwMDAwMDAwfX0=",
          "dependencies": [
            "azurerm_resource_group.main"
          ]
        },
        {
          "index_key": "vm2",
          "schema_version": 0,
          "attributes": {
            "create_option": "Empty",
            "disk_access_id": "",
            "disk_encryption_set_id": "",
            "disk_iops_read_only": 0,
            "disk_iops_read_write": 500,
            "disk_mbps_read_only": 0,
            "disk_mbps_read_write": 60,
            "disk_size_gb": 10,
            "edge_zone": "",
            "encryption_settings": [],
            "gallery_image_reference_id": "",
            "hyper_v_generation": "",
            "id": "/subscriptions/426c2469-e71d-4b2a-acfa-79ddab462066/resourceGroups/finalproject1-rg/providers/Microsoft.Compute/disks/finalproject1-Diskvm2",
            "image_reference_id": "",
            "location": "eastasia",
            "logical_sector_size": null,
            "max_shares": 0,
            "name": "finalproject1-Diskvm2",
            "network_access_policy": null,
            "on_demand_bursting_enabled": false,
            "os_type": "",
            "public_network_access_enabled": true,
            "resource_group_name": "finalproject1-rg",
            "source_resource_id": "",
            "source_uri": "",
            "storage_account_id": "",
            "storage_account_type": "Standard_LRS",
            "tags": null,
            "tier": "",
            "timeouts": null,
            "trusted_launch_enabled": false,
            "zone": ""
          },
          "sensitive_attributes": [],
          "private": "eyJlMmJmYjczMC1lY2FhLTExZTYtOGY4OC0zNDM2M2JjN2M0YzAiOnsiY3JlYXRlIjoxODAwMDAwMDAwMDAwLCJkZWxldGUiOjE4MDAwMDAwMDAwMDAsInJlYWQiOjMwMDAwMDAwMDAwMCwidXBkYXRlIjoxODAwMDAwMDAwMDAwfX0=",
          "dependencies": [
            "azurerm_resource_group.main"
          ]
        }
      ]
    },
    {
      "mode": "managed",
      "type": "azurerm_network_interface",
      "name": "main",
      "provider": "provider[\"registry.terraform.io/hashicorp/azurerm\"]",
      "instances": [
        {
          "index_key": "vm1",
          "schema_version": 0,
          "attributes": {
            "applied_dns_servers": [],
            "dns_servers": [],
            "edge_zone": "",
            "enable_accelerated_networking": false,
            "enable_ip_forwarding": false,
            "id": "/subscriptions/426c2469-e71d-4b2a-acfa-79ddab462066/resourceGroups/finalproject1-rg/providers/Microsoft.Network/networkInterfaces/finalproject1-Nic-vm1",
            "internal_dns_name_label": "",
            "internal_domain_name_suffix": "wyhdiyovsr0eba5sjcyxoij0pg.hx.internal.cloudapp.net",
            "ip_configuration": [
              {
                "gateway_load_balancer_frontend_ip_configuration_id": "",
                "name": "internal",
                "primary": true,
                "private_ip_address": "10.0.2.5",
                "private_ip_address_allocation": "Dynamic",
                "private_ip_address_version": "IPv4",
                "public_ip_address_id": "",
                "subnet_id": "/subscriptions/426c2469-e71d-4b2a-acfa-79ddab462066/resourceGroups/finalproject1-rg/providers/Microsoft.Network/virtualNetworks/finalproject1-Network/subnets/internal"
              }
            ],
            "location": "eastasia",
            "mac_address": "",
            "name": "finalproject1-Nic-vm1",
            "private_ip_address": "10.0.2.5",
            "private_ip_addresses": [
              "10.0.2.5"
            ],
            "resource_group_name": "finalproject1-rg",
            "tags": null,
            "timeouts": null,
            "virtual_machine_id": ""
          },
          "sensitive_attributes": [],
          "private": "eyJlMmJmYjczMC1lY2FhLTExZTYtOGY4OC0zNDM2M2JjN2M0YzAiOnsiY3JlYXRlIjoxODAwMDAwMDAwMDAwLCJkZWxldGUiOjE4MDAwMDAwMDAwMDAsInJlYWQiOjMwMDAwMDAwMDAwMCwidXBkYXRlIjoxODAwMDAwMDAwMDAwfX0=",
          "dependencies": [
            "azurerm_resource_group.main",
            "azurerm_subnet.internal",
            "azurerm_virtual_network.main"
          ]
        },
        {
          "index_key": "vm2",
          "schema_version": 0,
          "attributes": {
            "applied_dns_servers": [],
            "dns_servers": [],
            "edge_zone": "",
            "enable_accelerated_networking": false,
            "enable_ip_forwarding": false,
            "id": "/subscriptions/426c2469-e71d-4b2a-acfa-79ddab462066/resourceGroups/finalproject1-rg/providers/Microsoft.Network/networkInterfaces/finalproject1-Nic-vm2",
            "internal_dns_name_label": "",
            "internal_domain_name_suffix": "wyhdiyovsr0eba5sjcyxoij0pg.hx.internal.cloudapp.net",
            "ip_configuration": [
              {
                "gateway_load_balancer_frontend_ip_configuration_id": "",
                "name": "internal",
                "primary": true,
                "private_ip_address": "10.0.2.4",
                "private_ip_address_allocation": "Dynamic",
                "private_ip_address_version": "IPv4",
                "public_ip_address_id": "",
                "subnet_id": "/subscriptions/426c2469-e71d-4b2a-acfa-79ddab462066/resourceGroups/finalproject1-rg/providers/Microsoft.Network/virtualNetworks/finalproject1-Network/subnets/internal"
              }
            ],
            "location": "eastasia",
            "mac_address": "",
            "name": "finalproject1-Nic-vm2",
            "private_ip_address": "10.0.2.4",
            "private_ip_addresses": [
              "10.0.2.4"
            ],
            "resource_group_name": "finalproject1-rg",
            "tags": null,
            "timeouts": null,
            "virtual_machine_id": ""
          },
          "sensitive_attributes": [],
          "private": "eyJlMmJmYjczMC1lY2FhLTExZTYtOGY4OC0zNDM2M2JjN2M0YzAiOnsiY3JlYXRlIjoxODAwMDAwMDAwMDAwLCJkZWxldGUiOjE4MDAwMDAwMDAwMDAsInJlYWQiOjMwMDAwMDAwMDAwMCwidXBkYXRlIjoxODAwMDAwMDAwMDAwfX0=",
          "dependencies": [
            "azurerm_resource_group.main",
            "azurerm_subnet.internal",
            "azurerm_virtual_network.main"
          ]
        }
      ]
    },
    {
      "mode": "managed",
      "type": "azurerm_network_interface_backend_address_pool_association",
      "name": "main",
      "provider": "provider[\"registry.terraform.io/hashicorp/azurerm\"]",
      "instances": [
        {
          "index_key": "vm1",
          "schema_version": 0,
          "attributes": {
            "backend_address_pool_id": "/subscriptions/426c2469-e71d-4b2a-acfa-79ddab462066/resourceGroups/finalproject1-rg/providers/Microsoft.Network/loadBalancers/finalproject1-LoadBalancer/backendAddressPools/finalproject1-AccPool",
            "id": "/subscriptions/426c2469-e71d-4b2a-acfa-79ddab462066/resourceGroups/finalproject1-rg/providers/Microsoft.Network/networkInterfaces/finalproject1-Nic-vm1/ipConfigurations/internal|/subscriptions/426c2469-e71d-4b2a-acfa-79ddab462066/resourceGroups/finalproject1-rg/providers/Microsoft.Network/loadBalancers/finalproject1-LoadBalancer/backendAddressPools/finalproject1-AccPool",
            "ip_configuration_name": "internal",
            "network_interface_id": "/subscriptions/426c2469-e71d-4b2a-acfa-79ddab462066/resourceGroups/finalproject1-rg/providers/Microsoft.Network/networkInterfaces/finalproject1-Nic-vm1",
            "timeouts": null
          },
          "sensitive_attributes": [],
          "private": "eyJlMmJmYjczMC1lY2FhLTExZTYtOGY4OC0zNDM2M2JjN2M0YzAiOnsiY3JlYXRlIjoxODAwMDAwMDAwMDAwLCJkZWxldGUiOjE4MDAwMDAwMDAwMDAsInJlYWQiOjMwMDAwMDAwMDAwMCwidXBkYXRlIjoxODAwMDAwMDAwMDAwfX0=",
          "dependencies": [
            "azurerm_lb.main",
            "azurerm_lb_backend_address_pool.main",
            "azurerm_network_interface.main",
            "azurerm_public_ip.main",
            "azurerm_resource_group.main",
            "azurerm_subnet.internal",
            "azurerm_virtual_network.main"
          ]
        },
        {
          "index_key": "vm2",
          "schema_version": 0,
          "attributes": {
            "backend_address_pool_id": "/subscriptions/426c2469-e71d-4b2a-acfa-79ddab462066/resourceGroups/finalproject1-rg/providers/Microsoft.Network/loadBalancers/finalproject1-LoadBalancer/backendAddressPools/finalproject1-AccPool",
            "id": "/subscriptions/426c2469-e71d-4b2a-acfa-79ddab462066/resourceGroups/finalproject1-rg/providers/Microsoft.Network/networkInterfaces/finalproject1-Nic-vm2/ipConfigurations/internal|/subscriptions/426c2469-e71d-4b2a-acfa-79ddab462066/resourceGroups/finalproject1-rg/providers/Microsoft.Network/loadBalancers/finalproject1-LoadBalancer/backendAddressPools/finalproject1-AccPool",
            "ip_configuration_name": "internal",
            "network_interface_id": "/subscriptions/426c2469-e71d-4b2a-acfa-79ddab462066/resourceGroups/finalproject1-rg/providers/Microsoft.Network/networkInterfaces/finalproject1-Nic-vm2",
            "timeouts": null
          },
          "sensitive_attributes": [],
          "private": "eyJlMmJmYjczMC1lY2FhLTExZTYtOGY4OC0zNDM2M2JjN2M0YzAiOnsiY3JlYXRlIjoxODAwMDAwMDAwMDAwLCJkZWxldGUiOjE4MDAwMDAwMDAwMDAsInJlYWQiOjMwMDAwMDAwMDAwMCwidXBkYXRlIjoxODAwMDAwMDAwMDAwfX0=",
          "dependencies": [
            "azurerm_lb.main",
            "azurerm_lb_backend_address_pool.main",
            "azurerm_network_interface.main",
            "azurerm_public_ip.main",
            "azurerm_resource_group.main",
            "azurerm_subnet.internal",
            "azurerm_virtual_network.main"
          ]
        }
      ]
    },
    {
      "mode": "managed",
      "type": "azurerm_network_security_group",
      "name": "main",
      "provider": "provider[\"registry.terraform.io/hashicorp/azurerm\"]",
      "instances": [
        {
          "schema_version": 0,
          "attributes": {
            "id": "/subscriptions/426c2469-e71d-4b2a-acfa-79ddab462066/resourceGroups/finalproject1-rg/providers/Microsoft.Network/networkSecurityGroups/finalproject1-NSG",
            "location": "eastasia",
            "name": "finalproject1-NSG",
            "resource_group_name": "finalproject1-rg",
            "security_rule": [
              {
                "access": "Allow",
                "description": "",
                "destination_address_prefix": "VirtualNetwork",
                "destination_address_prefixes": [],
                "destination_application_security_group_ids": [],
                "destination_port_range": "*",
                "destination_port_ranges": [],
                "direction": "Inbound",
                "name": "rule1",
                "priority": 100,
                "protocol": "Tcp",
                "source_address_prefix": "VirtualNetwork",
                "source_address_prefixes": [],
                "source_application_security_group_ids": [],
                "source_port_range": "*",
                "source_port_ranges": []
              }
            ],
            "tags": null,
            "timeouts": null
          },
          "sensitive_attributes": [],
          "private": "eyJlMmJmYjczMC1lY2FhLTExZTYtOGY4OC0zNDM2M2JjN2M0YzAiOnsiY3JlYXRlIjoxODAwMDAwMDAwMDAwLCJkZWxldGUiOjE4MDAwMDAwMDAwMDAsInJlYWQiOjMwMDAwMDAwMDAwMCwidXBkYXRlIjoxODAwMDAwMDAwMDAwfX0=",
          "dependencies": [
            "azurerm_resource_group.main"
          ]
        }
      ]
    },
    {
      "mode": "managed",
      "type": "azurerm_public_ip",
      "name": "main",
      "provider": "provider[\"registry.terraform.io/hashicorp/azurerm\"]",
      "instances": [
        {
          "schema_version": 0,
          "attributes": {
            "allocation_method": "Static",
            "domain_name_label": null,
            "edge_zone": "",
            "fqdn": null,
            "id": "/subscriptions/426c2469-e71d-4b2a-acfa-79ddab462066/resourceGroups/finalproject1-rg/providers/Microsoft.Network/publicIPAddresses/finalproject1-PublicIPForLB",
            "idle_timeout_in_minutes": 4,
            "ip_address": "20.239.92.219",
            "ip_tags": null,
            "ip_version": "IPv4",
            "location": "eastasia",
            "name": "finalproject1-PublicIPForLB",
            "public_ip_prefix_id": null,
            "resource_group_name": "finalproject1-rg",
            "reverse_fqdn": null,
            "sku": "Basic",
            "sku_tier": "Regional",
            "tags": null,
            "timeouts": null,
            "zones": null
          },
          "sensitive_attributes": [],
          "private": "eyJlMmJmYjczMC1lY2FhLTExZTYtOGY4OC0zNDM2M2JjN2M0YzAiOnsiY3JlYXRlIjoxODAwMDAwMDAwMDAwLCJkZWxldGUiOjE4MDAwMDAwMDAwMDAsInJlYWQiOjMwMDAwMDAwMDAwMCwidXBkYXRlIjoxODAwMDAwMDAwMDAwfX0=",
          "dependencies": [
            "azurerm_resource_group.main"
          ]
        }
      ]
    },
    {
      "mode": "managed",
      "type": "azurerm_resource_group",
      "name": "main",
      "provider": "provider[\"registry.terraform.io/hashicorp/azurerm\"]",
      "instances": [
        {
          "schema_version": 0,
          "attributes": {
            "id": "/subscriptions/426c2469-e71d-4b2a-acfa-79ddab462066/resourceGroups/finalproject1-rg",
            "location": "eastasia",
            "name": "finalproject1-rg",
            "tags": {},
            "timeouts": {
              "create": null,
              "delete": null,
              "read": null,
              "update": null
            }
          },
          "sensitive_attributes": [],
          "private": "eyJlMmJmYjczMC1lY2FhLTExZTYtOGY4OC0zNDM2M2JjN2M0YzAiOnsiY3JlYXRlIjo1NDAwMDAwMDAwMDAwLCJkZWxldGUiOjU0MDAwMDAwMDAwMDAsInJlYWQiOjMwMDAwMDAwMDAwMCwidXBkYXRlIjo1NDAwMDAwMDAwMDAwfSwic2NoZW1hX3ZlcnNpb24iOiIwIn0="
        }
      ]
    },
    {
      "mode": "managed",
      "type": "azurerm_subnet",
      "name": "internal",
      "provider": "provider[\"registry.terraform.io/hashicorp/azurerm\"]",
      "instances": [
        {
          "schema_version": 0,
          "attributes": {
            "address_prefixes": [
              "10.0.2.0/24"
            ],
            "delegation": [],
            "enforce_private_link_endpoint_network_policies": false,
            "enforce_private_link_service_network_policies": false,
            "id": "/subscriptions/426c2469-e71d-4b2a-acfa-79ddab462066/resourceGroups/finalproject1-rg/providers/Microsoft.Network/virtualNetworks/finalproject1-Network/subnets/internal",
            "name": "internal",
            "resource_group_name": "finalproject1-rg",
            "service_endpoint_policy_ids": null,
            "service_endpoints": null,
            "timeouts": null,
            "virtual_network_name": "finalproject1-Network"
          },
          "sensitive_attributes": [],
          "private": "eyJlMmJmYjczMC1lY2FhLTExZTYtOGY4OC0zNDM2M2JjN2M0YzAiOnsiY3JlYXRlIjoxODAwMDAwMDAwMDAwLCJkZWxldGUiOjE4MDAwMDAwMDAwMDAsInJlYWQiOjMwMDAwMDAwMDAwMCwidXBkYXRlIjoxODAwMDAwMDAwMDAwfX0=",
          "dependencies": [
            "azurerm_resource_group.main",
            "azurerm_virtual_network.main"
          ]
        }
      ]
    },
    {
      "mode": "managed",
      "type": "azurerm_subnet_network_security_group_association",
      "name": "main",
      "provider": "provider[\"registry.terraform.io/hashicorp/azurerm\"]",
      "instances": [
        {
          "schema_version": 0,
          "attributes": {
            "id": "/subscriptions/426c2469-e71d-4b2a-acfa-79ddab462066/resourceGroups/finalproject1-rg/providers/Microsoft.Network/virtualNetworks/finalproject1-Network/subnets/internal",
            "network_security_group_id": "/subscriptions/426c2469-e71d-4b2a-acfa-79ddab462066/resourceGroups/finalproject1-rg/providers/Microsoft.Network/networkSecurityGroups/finalproject1-NSG",
            "subnet_id": "/subscriptions/426c2469-e71d-4b2a-acfa-79ddab462066/resourceGroups/finalproject1-rg/providers/Microsoft.Network/virtualNetworks/finalproject1-Network/subnets/internal",
            "timeouts": null
          },
          "sensitive_attributes": [],
          "private": "eyJlMmJmYjczMC1lY2FhLTExZTYtOGY4OC0zNDM2M2JjN2M0YzAiOnsiY3JlYXRlIjoxODAwMDAwMDAwMDAwLCJkZWxldGUiOjE4MDAwMDAwMDAwMDAsInJlYWQiOjMwMDAwMDAwMDAwMCwidXBkYXRlIjoxODAwMDAwMDAwMDAwfX0=",
          "dependencies": [
            "azurerm_network_security_group.main",
            "azurerm_resource_group.main",
            "azurerm_subnet.internal",
            "azurerm_virtual_network.main"
          ]
        }
      ]
    },
    {
      "mode": "managed",
      "type": "azurerm_virtual_machine_data_disk_attachment",
      "name": "main",
      "provider": "provider[\"registry.terraform.io/hashicorp/azurerm\"]",
      "instances": [
        {
          "index_key": "vm1",
          "schema_version": 0,
          "attributes": {
            "caching": "ReadWrite",
            "create_option": "Attach",
            "id": "/subscriptions/426c2469-e71d-4b2a-acfa-79ddab462066/resourceGroups/finalproject1-rg/providers/Microsoft.Compute/virtualMachines/finalproject1-vm1/dataDisks/finalproject1-Diskvm1",
            "lun": 10,
            "managed_disk_id": "/subscriptions/426c2469-e71d-4b2a-acfa-79ddab462066/resourceGroups/finalproject1-rg/providers/Microsoft.Compute/disks/finalproject1-Diskvm1",
            "timeouts": null,
            "virtual_machine_id": "/subscriptions/426c2469-e71d-4b2a-acfa-79ddab462066/resourceGroups/finalproject1-rg/providers/Microsoft.Compute/virtualMachines/finalproject1-vm1",
            "write_accelerator_enabled": false
          },
          "sensitive_attributes": [],
          "private": "eyJlMmJmYjczMC1lY2FhLTExZTYtOGY4OC0zNDM2M2JjN2M0YzAiOnsiY3JlYXRlIjoxODAwMDAwMDAwMDAwLCJkZWxldGUiOjE4MDAwMDAwMDAwMDAsInJlYWQiOjMwMDAwMDAwMDAwMCwidXBkYXRlIjoxODAwMDAwMDAwMDAwfX0=",
          "dependencies": [
            "azurerm_availability_set.main",
            "azurerm_linux_virtual_machine.main",
            "azurerm_managed_disk.main",
            "azurerm_network_interface.main",
            "azurerm_resource_group.main",
            "azurerm_subnet.internal",
            "azurerm_virtual_network.main",
            "data.azurerm_image.image"
          ]
        },
        {
          "index_key": "vm2",
          "schema_version": 0,
          "attributes": {
            "caching": "ReadWrite",
            "create_option": "Attach",
            "id": "/subscriptions/426c2469-e71d-4b2a-acfa-79ddab462066/resourceGroups/finalproject1-rg/providers/Microsoft.Compute/virtualMachines/finalproject1-vm2/dataDisks/finalproject1-Diskvm2",
            "lun": 10,
            "managed_disk_id": "/subscriptions/426c2469-e71d-4b2a-acfa-79ddab462066/resourceGroups/finalproject1-rg/providers/Microsoft.Compute/disks/finalproject1-Diskvm2",
            "timeouts": null,
            "virtual_machine_id": "/subscriptions/426c2469-e71d-4b2a-acfa-79ddab462066/resourceGroups/finalproject1-rg/providers/Microsoft.Compute/virtualMachines/finalproject1-vm2",
            "write_accelerator_enabled": false
          },
          "sensitive_attributes": [],
          "private": "eyJlMmJmYjczMC1lY2FhLTExZTYtOGY4OC0zNDM2M2JjN2M0YzAiOnsiY3JlYXRlIjoxODAwMDAwMDAwMDAwLCJkZWxldGUiOjE4MDAwMDAwMDAwMDAsInJlYWQiOjMwMDAwMDAwMDAwMCwidXBkYXRlIjoxODAwMDAwMDAwMDAwfX0=",
          "dependencies": [
            "azurerm_availability_set.main",
            "azurerm_linux_virtual_machine.main",
            "azurerm_managed_disk.main",
            "azurerm_network_interface.main",
            "azurerm_resource_group.main",
            "azurerm_subnet.internal",
            "azurerm_virtual_network.main",
            "data.azurerm_image.image"
          ]
        }
      ]
    },
    {
      "mode": "managed",
      "type": "azurerm_virtual_network",
      "name": "main",
      "provider": "provider[\"registry.terraform.io/hashicorp/azurerm\"]",
      "instances": [
        {
          "schema_version": 0,
          "attributes": {
            "address_space": [
              "10.0.0.0/22"
            ],
            "bgp_community": "",
            "ddos_protection_plan": [],
            "dns_servers": [],
            "edge_zone": "",
            "flow_timeout_in_minutes": 0,
            "guid": "61340eb6-94d5-4074-83f2-48b177213a7e",
            "id": "/subscriptions/426c2469-e71d-4b2a-acfa-79ddab462066/resourceGroups/finalproject1-rg/providers/Microsoft.Network/virtualNetworks/finalproject1-Network",
            "location": "eastasia",
            "name": "finalproject1-Network",
            "resource_group_name": "finalproject1-rg",
            "subnet": [],
            "tags": null,
            "timeouts": null
          },
          "sensitive_attributes": [],
          "private": "eyJlMmJmYjczMC1lY2FhLTExZTYtOGY4OC0zNDM2M2JjN2M0YzAiOnsiY3JlYXRlIjoxODAwMDAwMDAwMDAwLCJkZWxldGUiOjE4MDAwMDAwMDAwMDAsInJlYWQiOjMwMDAwMDAwMDAwMCwidXBkYXRlIjoxODAwMDAwMDAwMDAwfX0=",
          "dependencies": [
            "azurerm_resource_group.main"
          ]
        }
      ]
    }
  ]
}
